{
  "name": "camiseta-da-varzea",
  "version": "1.0.0",
  "lockfileVersion": 3,
  "requires": true,
  "packages": {
    "": {
      "name": "camiseta-da-varzea",
      "version": "1.0.0",
      "dependencies": {
        "mercadopago": "3.4.0",
        "next": "15.5.23",
        "react": "19.1.0",
        "react-dom": "19.1.0"
      }
    },
    "node_modules/@mercadopago/sdk-js": {
      "version": "0.0.4",
      "resolved": "https://registry.npmjs.org/@mercadopago/sdk-js/-/sdk-js-0.0.4.tgz",
      "integrity": "sha512-zXkqT4Qx5dG8j8QfH5Gq8fM6p6mK8K5nQ0Q8Jx8x1N7W1w7k2WQ1yW9VQ7R0Q8Y8Q2Y2V8Q8V6FQ0Q8Q=="
    },
    "node_modules/mercadopago": {
      "version": "3.4.0",
      "resolved": "https://registry.npmjs.org/mercadopago/-/mercadopago-3.4.0.tgz",
      "integrity": "sha512-oMbjrD4Y+JA8tj3Vc4BdGAMGGtL5lqqypUb5WPhIMI2X47R8JlE76W3sQ8kfq0wIROxi5gaxCHT/3Ojm4MjTOA==",
      "engines": {
        "node": ">=18"
      }
    }
  }
}
